
Microsoft Visual Studio Solution File, Format Version 12.00
# Visual Studio Version 17
VisualStudioVersion = 17.5.33516.290
MinimumVisualStudioVersion = 10.0.40219.1
Project("{FAE04EC0-301F-11D3-BF4B-00C04F79EFBC}") = "ecommerce-movies", "ecommerce-movies\ecommerce-movies.csproj", "{B76C9897-C594-4E3A-BCC8-0DCFB28CB51C}"
EndProject
Global
	GlobalSection(SolutionConfigurationPlatforms) = preSolution
		Debug|Any CPU = Debug|Any CPU
		Release|Any CPU = Release|Any CPU
	EndGlobalSection
	GlobalSection(ProjectConfigurationPlatforms) = postSolution
		{B76C9897-C594-4E3A-BCC8-0DCFB28CB51C}.Debug|Any CPU.ActiveCfg = Debug|Any CPU
		{B76C9897-C594-4E3A-BCC8-0DCFB28CB51C}.Debug|Any CPU.Build.0 = Debug|Any CPU
		{B76C9897-C594-4E3A-BCC8-0DCFB28CB51C}.Release|Any CPU.ActiveCfg = Release|Any CPU
		{B76C9897-C594-4E3A-BCC8-0DCFB28CB51C}.Release|Any CPU.Build.0 = Release|Any CPU
	EndGlobalSection
	GlobalSection(SolutionProperties) = preSolution
		HideSolutionNode = FALSE
	EndGlobalSection
	GlobalSection(ExtensibilityGlobals) = postSolution
		SolutionGuid = {868E281A-1554-46EE-86A3-65EB21C33AA4}
	EndGlobalSection
EndGlobal
